// !$*UTF8*$!
{
	archiveVersion = 1;
	classes = {
	};
	objectVersion = 46;
	objects = {

/* Begin PBXBuildFile section */
		684539851AA56E2A0070B409 /* ModelCalc.swift in Sources */ = {isa = PBXBuildFile; fileRef = 684539841AA56E2A0070B409 /* ModelCalc.swift */; };
		6863811E1AA4D6630034258B /* AppDelegate.swift in Sources */ = {isa = PBXBuildFile; fileRef = 6863811D1AA4D6630034258B /* AppDelegate.swift */; };
		686381201AA4D6630034258B /* ViewController.swift in Sources */ = {isa = PBXBuildFile; fileRef = 6863811F1AA4D6630034258B /* ViewController.swift */; };
		686381231AA4D6630034258B /* Main.storyboard in Resources */ = {isa = PBXBuildFile; fileRef = 686381211AA4D6630034258B /* Main.storyboard */; };
		686381251AA4D6630034258B /* Images.xcassets in Resources */ = {isa = PBXBuildFile; fileRef = 686381241AA4D6630034258B /* Images.xcassets */; };
		686381281AA4D6630034258B /* LaunchScreen.xib in Resources */ = {isa = PBXBuildFile; fileRef = 686381261AA4D6630034258B /* LaunchScreen.xib */; };
		686381341AA4D6630034258B /* AckCalcTests.swift in Sources */ = {isa = PBXBuildFile; fileRef = 686381331AA4D6630034258B /* AckCalcTests.swift */; };
/* End PBXBuildFile section */

/* Begin PBXContainerItemProxy section */
		6863812E1AA4D6630034258B /* PBXContainerItemProxy */ = {
			isa = PBXContainerItemProxy;
			containerPortal = 686381101AA4D6620034258B /* Project object */;
			proxyType = 1;
			remoteGlobalIDString = 686381171AA4D6630034258B;
			remoteInfo = AckCalc;
		};
/* End PBXContainerItemProxy section */

/* Begin PBXFileReference section */
		684539841AA56E2A0070B409 /* ModelCalc.swift */ = {isa = PBXFileReference; fileEncoding = 4; lastKnownFileType = sourcecode.swift; path = ModelCalc.swift; sourceTree = "<group>"; };
		686381181AA4D6630034258B /* AckCalc.app */ = {isa = PBXFileReference; explicitFileType = wrapper.application; includeInIndex = 0; path = AckCalc.app; sourceTree = BUILT_PRODUCTS_DIR; };
		6863811C1AA4D6630034258B /* Info.plist */ = {isa = PBXFileReference; lastKnownFileType = text.plist.xml; path = Info.plist; sourceTree = "<group>"; };
		6863811D1AA4D6630034258B /* AppDelegate.swift */ = {isa = PBXFileReference; lastKnownFileType = sourcecode.swift; path = AppDelegate.swift; sourceTree = "<group>"; };
		6863811F1AA4D6630034258B /* ViewController.swift */ = {isa = PBXFileReference; lastKnownFileType = sourcecode.swift; path = ViewController.swift; sourceTree = "<group>"; };
		686381221AA4D6630034258B /* Base */ = {isa = PBXFileReference; lastKnownFileType = file.storyboard; name = Base; path = Base.lproj/Main.storyboard; sourceTree = "<group>"; };
		686381241AA4D6630034258B /* Images.xcassets */ = {isa = PBXFileReference; lastKnownFileType = folder.assetcatalog; path = Images.xcassets; sourceTree = "<group>"; };
		686381271AA4D6630034258B /* Base */ = {isa = PBXFileReference; lastKnownFileType = file.xib; name = Base; path = Base.lproj/LaunchScreen.xib; sourceTree = "<group>"; };
		6863812D1AA4D6630034258B /* AckCalcTests.xctest */ = {isa = PBXFileReference; explicitFileType = wrapper.cfbundle; includeInIndex = 0; path = AckCalcTests.xctest; sourceTree = BUILT_PRODUCTS_DIR; };
		686381321AA4D6630034258B /* Info.plist */ = {isa = PBXFileReference; lastKnownFileType = text.plist.xml; path = Info.plist; sourceTree = "<group>"; };
		686381331AA4D6630034258B /* AckCalcTests.swift */ = {isa = PBXFileReference; lastKnownFileType = sourcecode.swift; path = AckCalcTests.swift; sourceTree = "<group>"; };
/* End PBXFileReference section */

/* Begin PBXFrameworksBuildPhase section */
		686381151AA4D6630034258B /* Frameworks */ = {
			isa = PBXFrameworksBuildPhase;
			buildActionMask = 2147483647;
			files = (
			);
			runOnlyForDeploymentPostprocessing = 0;
		};
		6863812A1AA4D6630034258B /* Frameworks */ = {
			isa = PBXFrameworksBuildPhase;
			buildActionMask = 2147483647;
			files = (
			);
			runOnlyForDeploymentPostprocessing = 0;
		};
/* End PBXFrameworksBuildPhase section */

/* Begin PBXGroup section */
		6863810F1AA4D6620034258B = {
			isa = PBXGroup;
			children = (
				6863811A1AA4D6630034258B /* AckCalc */,
				686381301AA4D6630034258B /* AckCalcTests */,
				686381191AA4D6630034258B /* Products */,
			);
			sourceTree = "<group>";
		};
		686381191AA4D6630034258B /* Products */ = {
			isa = PBXGroup;
			children = (
				686381181AA4D6630034258B /* AckCalc.app */,
				6863812D1AA4D6630034258B /* AckCalcTests.xctest */,
			);
			name = Products;
			sourceTree = "<group>";
		};
		6863811A1AA4D6630034258B /* AckCalc */ = {
			isa = PBXGroup;
			children = (
				6863811D1AA4D6630034258B /* AppDelegate.swift */,
				6863811F1AA4D6630034258B /* ViewController.swift */,
				684539841AA56E2A0070B409 /* ModelCalc.swift */,
				686381211AA4D6630034258B /* Main.storyboard */,
				686381241AA4D6630034258B /* Images.xcassets */,
				686381261AA4D6630034258B /* LaunchScreen.xib */,
				6863811B1AA4D6630034258B /* Supporting Files */,
			);
			path = AckCalc;
			sourceTree = "<group>";
		};
		6863811B1AA4D6630034258B /* Supporting Files */ = {
			isa = PBXGroup;
			children = (
				6863811C1AA4D6630034258B /* Info.plist */,
			);
			name = "Supporting Files";
			sourceTree = "<group>";
		};
		686381301AA4D6630034258B /* AckCalcTests */ = {
			isa = PBXGroup;
			children = (
				686381331AA4D6630034258B /* AckCalcTests.swift */,
				686381311AA4D6630034258B /* Supporting Files */,
			);
			path = AckCalcTests;
			sourceTree = "<group>";
		};
		686381311AA4D6630034258B /* Supporting Files */ = {
			isa = PBXGroup;
			children = (
				686381321AA4D6630034258B /* Info.plist */,
			);
			name = "Supporting Files";
			sourceTree = "<group>";
		};
/* End PBXGroup section */

/* Begin PBXNativeTarget section */
		686381171AA4D6630034258B /* AckCalc */ = {
			isa = PBXNativeTarget;
			buildConfigurationList = 686381371AA4D6630034258B /* Build configuration list for PBXNativeTarget "AckCalc" */;
			buildPhases = (
				686381141AA4D6630034258B /* Sources */,
				686381151AA4D6630034258B /* Frameworks */,
				686381161AA4D6630034258B /* Resources */,
			);
			buildRules = (
			);
			dependencies = (
			);
			name = AckCalc;
			productName = AckCalc;
			productReference = 686381181AA4D6630034258B /* AckCalc.app */;
			productType = "com.apple.product-type.application";
		};
		6863812C1AA4D6630034258B /* AckCalcTests */ = {
			isa = PBXNativeTarget;
			buildConfigurationList = 6863813A1AA4D6630034258B /* Build configuration list for PBXNativeTarget "AckCalcTests" */;
			buildPhases = (
				686381291AA4D6630034258B /* Sources */,
				6863812A1AA4D6630034258B /* Frameworks */,
				6863812B1AA4D6630034258B /* Resources */,
			);
			buildRules = (
			);
			dependencies = (
				6863812F1AA4D6630034258B /* PBXTargetDependency */,
			);
			name = AckCalcTests;
			productName = AckCalcTests;
			productReference = 6863812D1AA4D6630034258B /* AckCalcTests.xctest */;
			productType = "com.apple.product-type.bundle.unit-test";
		};
/* End PBXNativeTarget section */

/* Begin PBXProject section */
		686381101AA4D6620034258B /* Project object */ = {
			isa = PBXProject;
			attributes = {
				LastUpgradeCheck = 0610;
				ORGANIZATIONNAME = "Ackshaey Singh";
				TargetAttributes = {
					686381171AA4D6630034258B = {
						CreatedOnToolsVersion = 6.1.1;
						DevelopmentTeam = 83W9WFRRMR;
					};
					6863812C1AA4D6630034258B = {
						CreatedOnToolsVersion = 6.1.1;
						TestTargetID = 686381171AA4D6630034258B;
					};
				};
			};
			buildConfigurationList = 686381131AA4D6620034258B /* Build configuration list for PBXProject "AckCalc" */;
			compatibilityVersion = "Xcode 3.2";
			developmentRegion = English;
			hasScannedForEncodings = 0;
			knownRegions = (
				en,
				Base,
			);
			mainGroup = 6863810F1AA4D6620034258B;
			productRefGroup = 686381191AA4D6630034258B /* Products */;
			projectDirPath = "";
			projectRoot = "";
			targets = (
				686381171AA4D6630034258B /* AckCalc */,
				6863812C1AA4D6630034258B /* AckCalcTests */,
			);
		};
/* End PBXProject section */

/* Begin PBXResourcesBuildPhase section */
		686381161AA4D6630034258B /* Resources */ = {
			isa = PBXResourcesBuildPhase;
			buildActionMask = 2147483647;
			files = (
				686381231AA4D6630034258B /* Main.storyboard in Resources */,
				686381281AA4D6630034258B /* LaunchScreen.xib in Resources */,
				686381251AA4D6630034258B /* Images.xcassets in Resources */,
			);
			runOnlyForDeploymentPostprocessing = 0;
		};
		6863812B1AA4D6630034258B /* Resources */ = {
			isa = PBXResourcesBuildPhase;
			buildActionMask = 2147483647;
			files = (
			);
			runOnlyForDeploymentPostprocessing = 0;
		};
/* End PBXResourcesBuildPhase section */

/* Begin PBXSourcesBuildPhase section */
		686381141AA4D6630034258B /* Sources */ = {
			isa = PBXSourcesBuildPhase;
			buildActionMask = 2147483647;
			files = (
				686381201AA4D6630034258B /* ViewController.swift in Sources */,
				6863811E1AA4D6630034258B /* AppDelegate.swift in Sources */,
				684539851AA56E2A0070B409 /* ModelCalc.swift in Sources */,
			);
			runOnlyForDeploymentPostprocessing = 0;
		};
		686381291AA4D6630034258B /* Sources */ = {
			isa = PBXSourcesBuildPhase;
			buildActionMask = 2147483647;
			files = (
				686381341AA4D6630034258B /* AckCalcTests.swift in Sources */,
			);
			runOnlyForDeploymentPostprocessing = 0;
		};
/* End PBXSourcesBuildPhase section */

/* Begin PBXTargetDependency section */
		6863812F1AA4D6630034258B /* PBXTargetDependency */ = {
			isa = PBXTargetDependency;
			target = 686381171AA4D6630034258B /* AckCalc */;
			targetProxy = 6863812E1AA4D6630034258B /* PBXContainerItemProxy */;
		};
/* End PBXTargetDependency section */

/* Begin PBXVariantGroup section */
		686381211AA4D6630034258B /* Main.storyboard */ = {
			isa = PBXVariantGroup;
			children = (
				686381221AA4D6630034258B /* Base */,
			);
			name = Main.storyboard;
			sourceTree = "<group>";
		};
		686381261AA4D6630034258B /* LaunchScreen.xib */ = {
			isa = PBXVariantGroup;
			children = (
				686381271AA4D6630034258B /* Base */,
			);
			name = LaunchScreen.xib;
			sourceTree = "<group>";
		};
/* End PBXVariantGroup section */

/* Begin XCBuildConfiguration section */
		686381351AA4D6630034258B /* Debug */ = {
			isa = XCBuildConfiguration;
			buildSettings = {
				ALWAYS_SEARCH_USER_PATHS = NO;
				CLANG_CXX_LANGUAGE_STANDARD = "gnu++0x";
				CLANG_CXX_LIBRARY = "libc++";
				CLANG_ENABLE_MODULES = YES;
				CLANG_ENABLE_OBJC_ARC = YES;
				CLANG_WARN_BOOL_CONVERSION = YES;
				CLANG_WARN_CONSTANT_CONVERSION = YES;
				CLANG_WARN_DIRECT_OBJC_ISA_USAGE = YES_ERROR;
				CLANG_WARN_EMPTY_BODY = YES;
				CLANG_WARN_ENUM_CONVERSION = YES;
				CLANG_WARN_INT_CONVERSION = YES;
				CLANG_WARN_OBJC_ROOT_CLASS = YES_ERROR;
				CLANG_WARN_UNREACHABLE_CODE = YES;
				CLANG_WARN__DUPLICATE_METHOD_MATCH = YES;
				CODE_SIGN_IDENTITY = "iPhone Developer: Ackshaey Singh (KLJQJKC59Y)";
				"CODE_SIGN_IDENTITY[sdk=iphoneos*]" = "iPhone Developer";
				COPY_PHASE_STRIP = NO;
				ENABLE_STRICT_OBJC_MSGSEND = YES;
				GCC_C_LANGUAGE_STANDARD = gnu99;
				GCC_DYNAMIC_NO_PIC = NO;
				GCC_OPTIMIZATION_LEVEL = 0;
				GCC_PREPROCESSOR_DEFINITIONS = (
					"DEBUG=1",
					"$(inherited)",
				);
				GCC_SYMBOLS_PRIVATE_EXTERN = NO;
				GCC_WARN_64_TO_32_BIT_CONVERSION = YES;
				GCC_WARN_ABOUT_RETURN_TYPE = YES_ERROR;
				GCC_WARN_UNDECLARED_SELECTOR = YES;
				GCC_WARN_UNINITIALIZED_AUTOS = YES_AGGRESSIVE;
				GCC_WARN_UNUSED_FUNCTION = YES;
				GCC_WARN_UNUSED_VARIABLE = YES;
				IPHONEOS_DEPLOYMENT_TARGET = 8.1;
				MTL_ENABLE_DEBUG_INFO = YES;
				ONLY_ACTIVE_ARCH = YES;
				SDKROOT = iphoneos;
				SWIFT_OPTIMIZATION_LEVEL = "-Onone";
			};
			name = Debug;
		};
		686381361AA4D6630034258B /* Release */ = {
			isa = XCBuildConfiguration;
			buildSettings = {
				ALWAYS_SEARCH_USER_PATHS = NO;
				CLANG_CXX_LANGUAGE_STANDARD = "gnu++0x";
				CLANG_CXX_LIBRARY = "libc++";
				CLANG_ENABLE_MODULES = YES;
				CLANG_ENABLE_OBJC_ARC = YES;
				CLANG_WARN_BOOL_CONVERSION = YES;
				CLANG_WARN_CONSTANT_CONVERSION = YES;
				CLANG_WARN_DIRECT_OBJC_ISA_USAGE = YES_ERROR;
				CLANG_WARN_EMPTY_BODY = YES;
				CLANG_WARN_ENUM_CONVERSION = YES;
				CLANG_WARN_INT_CONVERSION = YES;
				CLANG_WARN_OBJC_ROOT_CLASS = YES_ERROR;
				CLANG_WARN_UNREACHABLE_CODE = YES;
				CLANG_WARN__DUPLICATE_METHOD_MATCH = YES;
				CODE_SIGN_IDENTITY = "iPhone Developer: Ackshaey Singh (KLJQJKC59Y)";
				"CODE_SIGN_IDENTITY[sdk=iphoneos*]" = "iPhone Developer";
				COPY_PHASE_STRIP = YES;
				ENABLE_NS_ASSERTIONS = NO;
				ENABLE_STRICT_OBJC_MSGSEND = YES;
				GCC_C_LANGUAGE_STANDARD = gnu99;
				GCC_WARN_64_TO_32_BIT_CONVERSION = YES;
				GCC_WARN_ABOUT_RETURN_TYPE = YES_ERROR;
				GCC_WARN_UNDECLARED_SELECTOR = YES;
				GCC_WARN_UNINITIALIZED_AUTOS = YES_AGGRESSIVE;
				GCC_WARN_UNUSED_FUNCTION = YES;
				GCC_WARN_UNUSED_VARIABLE = YES;
				IPHONEOS_DEPLOYMENT_TARGET = 8.1;
				MTL_ENABLE_DEBUG_INFO = NO;
				SDKROOT = iphoneos;
				VALIDATE_PRODUCT = YES;
			};
			name = Release;
		};
		686381381AA4D6630034258B /* Debug */ = {
			isa = XCBuildConfiguration;
			buildSettings = {
				ASSETCATALOG_COMPILER_APPICON_NAME = AppIcon;
				CODE_SIGN_IDENTITY = "iPhone Developer";
				INFOPLIST_FILE = AckCalc/Info.plist;
				LD_RUNPATH_SEARCH_PATHS = "$(inherited) @executable_path/Frameworks";
				PRODUCT_NAME = "$(TARGET_NAME)";
			};
			name = Debug;
		};
		686381391AA4D6630034258B /* Release */ = {
			isa = XCBuildConfiguration;
			buildSettings = {
				ASSETCATALOG_COMPILER_APPICON_NAME = AppIcon;
				CODE_SIGN_IDENTITY = "iPhone Developer";
				INFOPLIST_FILE = AckCalc/Info.plist;
				LD_RUNPATH_SEARCH_PATHS = "$(inherited) @executable_path/Frameworks";
				PRODUCT_NAME = "$(TARGET_NAME)";
			};
			name = Release;
		};
		6863813B1AA4D6630034258B /* Debug */ = {
			isa = XCBuildConfiguration;
			buildSettings = {
				BUNDLE_LOADER = "$(TEST_HOST)";
				FRAMEWORK_SEARCH_PATHS = (
					"$(SDKROOT)/Developer/Library/Frameworks",
					"$(inherited)",
				);
				GCC_PREPROCESSOR_DEFINITIONS = (
					"DEBUG=1",
					"$(inherited)",
				);
				INFOPLIST_FILE = AckCalcTests/Info.plist;
				LD_RUNPATH_SEARCH_PATHS = "$(inherited) @executable_path/Frameworks @loader_path/Frameworks";
				PRODUCT_NAME = "$(TARGET_NAME)";
				TEST_HOST = "$(BUILT_PRODUCTS_DIR)/AckCalc.app/AckCalc";
			};
			name = Debug;
		};
		6863813C1AA4D6630034258B /* Release */ = {
			isa = XCBuildConfiguration;
			buildSettings = {
				BUNDLE_LOADER = "$(TEST_HOST)";
				FRAMEWORK_SEARCH_PATHS = (
					"$(SDKROOT)/Developer/Library/Frameworks",
					"$(inherited)",
				);
				INFOPLIST_FILE = AckCalcTests/Info.plist;
				LD_RUNPATH_SEARCH_PATHS = "$(inherited) @executable_path/Frameworks @loader_path/Frameworks";
				PRODUCT_NAME = "$(TARGET_NAME)";
				TEST_HOST = "$(BUILT_PRODUCTS_DIR)/AckCalc.app/AckCalc";
			};
			name = Release;
		};
/* End XCBuildConfiguration section */

/* Begin XCConfigurationList section */
		686381131AA4D6620034258B /* Build configuration list for PBXProject "AckCalc" */ = {
			isa = XCConfigurationList;
			buildConfigurations = (
				686381351AA4D6630034258B /* Debug */,
				686381361AA4D6630034258B /* Release */,
			);
			defaultConfigurationIsVisible = 0;
			defaultConfigurationName = Release;
		};
		686381371AA4D6630034258B /* Build configuration list for PBXNativeTarget "AckCalc" */ = {
			isa = XCConfigurationList;
			buildConfigurations = (
				686381381AA4D6630034258B /* Debug */,
				686381391AA4D6630034258B /* Release */,
			);
			defaultConfigurationIsVisible = 0;
			defaultConfigurationName = Release;
		};
		6863813A1AA4D6630034258B /* Build configuration list for PBXNativeTarget "AckCalcTests" */ = {
			isa = XCConfigurationList;
			buildConfigurations = (
				6863813B1AA4D6630034258B /* Debug */,
				6863813C1AA4D6630034258B /* Release */,
			);
			defaultConfigurationIsVisible = 0;
			defaultConfigurationName = Release;
		};
/* End XCConfigurationList section */
	};
	rootObject = 686381101AA4D6620034258B /* Project object */;
}
